
Microsoft Visual Studio Solution File, Format Version 12.00
# Visual Studio Version 17
VisualStudioVersion = 17.4.33122.133
MinimumVisualStudioVersion = 10.0.40219.1
Project("{FAE04EC0-301F-11D3-BF4B-00C04F79EFBC}") = "HomeWork Seminar-4 Zadacha 38", "HomeWork Seminar-4 Zadacha 38\HomeWork Seminar-4 Zadacha 38.csproj", "{2BB3C8DF-293B-47AA-902D-DF6FC3C07247}"
EndProject
Global
	GlobalSection(SolutionConfigurationPlatforms) = preSolution
		Debug|Any CPU = Debug|Any CPU
		Release|Any CPU = Release|Any CPU
	EndGlobalSection
	GlobalSection(ProjectConfigurationPlatforms) = postSolution
		{2BB3C8DF-293B-47AA-902D-DF6FC3C07247}.Debug|Any CPU.ActiveCfg = Debug|Any CPU
		{2BB3C8DF-293B-47AA-902D-DF6FC3C07247}.Debug|Any CPU.Build.0 = Debug|Any CPU
		{2BB3C8DF-293B-47AA-902D-DF6FC3C07247}.Release|Any CPU.ActiveCfg = Release|Any CPU
		{2BB3C8DF-293B-47AA-902D-DF6FC3C07247}.Release|Any CPU.Build.0 = Release|Any CPU
	EndGlobalSection
	GlobalSection(SolutionProperties) = preSolution
		HideSolutionNode = FALSE
	EndGlobalSection
	GlobalSection(ExtensibilityGlobals) = postSolution
		SolutionGuid = {317AE16A-C671-4869-935E-77D46EEC2453}
	EndGlobalSection
EndGlobal
